Microsoft Visual Studio Solution File, Format Version 11.00
# Visual Studio 2008

Project("{3E8AD704-BD70-ADAD-6EC7-AF4247C9F3E0}") = "TickerTaker", "Assembly-CSharp-firstpass.csproj", "{65D22679-2AED-60B4-0588-CFBA116F8BA7}"
EndProject
Project("{3E8AD704-BD70-ADAD-6EC7-AF4247C9F3E0}") = "TickerTaker", "Assembly-CSharp.csproj", "{5163E2ED-8A67-CEAD-26E4-80BEC0D233F5}"
EndProject
Project("{3E8AD704-BD70-ADAD-6EC7-AF4247C9F3E0}") = "TickerTaker", "Assembly-UnityScript-firstpass.unityproj", "{C2BD7585-7923-431A-A0F3-939586BD4FAB}"
EndProject
Project("{3E8AD704-BD70-ADAD-6EC7-AF4247C9F3E0}") = "TickerTaker", "Assembly-UnityScript.unityproj", "{56A2A2AF-B9C8-B3BC-B894-AAE1A7503336}"
EndProject
Global
	GlobalSection(SolutionConfigurationPlatforms) = preSolution
		Debug|Any CPU = Debug|Any CPU
		Release|Any CPU = Release|Any CPU
	EndGlobalSection
	GlobalSection(ProjectConfigurationPlatforms) = postSolution
		{65D22679-2AED-60B4-0588-CFBA116F8BA7}.Debug|Any CPU.ActiveCfg = Debug|Any CPU
		{65D22679-2AED-60B4-0588-CFBA116F8BA7}.Debug|Any CPU.Build.0 = Debug|Any CPU
		{65D22679-2AED-60B4-0588-CFBA116F8BA7}.Release|Any CPU.ActiveCfg = Release|Any CPU
		{65D22679-2AED-60B4-0588-CFBA116F8BA7}.Release|Any CPU.Build.0 = Release|Any CPU
		{5163E2ED-8A67-CEAD-26E4-80BEC0D233F5}.Debug|Any CPU.ActiveCfg = Debug|Any CPU
		{5163E2ED-8A67-CEAD-26E4-80BEC0D233F5}.Debug|Any CPU.Build.0 = Debug|Any CPU
		{5163E2ED-8A67-CEAD-26E4-80BEC0D233F5}.Release|Any CPU.ActiveCfg = Release|Any CPU
		{5163E2ED-8A67-CEAD-26E4-80BEC0D233F5}.Release|Any CPU.Build.0 = Release|Any CPU
		{C2BD7585-7923-431A-A0F3-939586BD4FAB}.Debug|Any CPU.ActiveCfg = Debug|Any CPU
		{C2BD7585-7923-431A-A0F3-939586BD4FAB}.Debug|Any CPU.Build.0 = Debug|Any CPU
		{C2BD7585-7923-431A-A0F3-939586BD4FAB}.Release|Any CPU.ActiveCfg = Release|Any CPU
		{C2BD7585-7923-431A-A0F3-939586BD4FAB}.Release|Any CPU.Build.0 = Release|Any CPU
		{56A2A2AF-B9C8-B3BC-B894-AAE1A7503336}.Debug|Any CPU.ActiveCfg = Debug|Any CPU
		{56A2A2AF-B9C8-B3BC-B894-AAE1A7503336}.Debug|Any CPU.Build.0 = Debug|Any CPU
		{56A2A2AF-B9C8-B3BC-B894-AAE1A7503336}.Release|Any CPU.ActiveCfg = Release|Any CPU
		{56A2A2AF-B9C8-B3BC-B894-AAE1A7503336}.Release|Any CPU.Build.0 = Release|Any CPU
	EndGlobalSection
	GlobalSection(SolutionProperties) = preSolution
		HideSolutionNode = FALSE
	EndGlobalSection
																		GlobalSection(MonoDevelopProperties) = preSolution
		StartupItem = Assembly-CSharp.csproj
		Policies = $0
		$0.TextStylePolicy = $1
		$1.inheritsSet = null
		$1.scope = text/x-csharp
		$0.CSharpFormattingPolicy = $2
		$2.inheritsSet = Mono
		$2.inheritsScope = text/x-csharp
		$2.scope = text/x-csharp
		$0.TextStylePolicy = $3
		$3.FileWidth = 120
		$3.TabWidth = 4
		$3.EolMarker = Unix
		$3.inheritsSet = Mono
		$3.inheritsScope = text/plain
		$3.scope = text/plain
	EndGlobalSection

EndGlobal
